
Microsoft Visual Studio Solution File, Format Version 12.00
# Visual Studio Version 17
VisualStudioVersion = 17.14.36705.20 d17.14
MinimumVisualStudioVersion = 10.0.40219.1
Project("{FAE04EC0-301F-11D3-BF4B-00C04F79EFBC}") = "lideCZ", "lideCZ\lideCZ.csproj", "{51337618-1CA5-4B32-978C-EDA3F896B509}"
EndProject
Global
	GlobalSection(SolutionConfigurationPlatforms) = preSolution
		Debug|Any CPU = Debug|Any CPU
		Release|Any CPU = Release|Any CPU
	EndGlobalSection
	GlobalSection(ProjectConfigurationPlatforms) = postSolution
		{51337618-1CA5-4B32-978C-EDA3F896B509}.Debug|Any CPU.ActiveCfg = Debug|Any CPU
		{51337618-1CA5-4B32-978C-EDA3F896B509}.Debug|Any CPU.Build.0 = Debug|Any CPU
		{51337618-1CA5-4B32-978C-EDA3F896B509}.Release|Any CPU.ActiveCfg = Release|Any CPU
		{51337618-1CA5-4B32-978C-EDA3F896B509}.Release|Any CPU.Build.0 = Release|Any CPU
	EndGlobalSection
	GlobalSection(SolutionProperties) = preSolution
		HideSolutionNode = FALSE
	EndGlobalSection
	GlobalSection(ExtensibilityGlobals) = postSolution
		SolutionGuid = {06F77F9B-DA11-4714-B4F5-325A9CC6896A}
	EndGlobalSection
EndGlobal
